{
  "requires": true,
  "lockfileVersion": 1,
  "dependencies": {
    "classnames": {
      "version": "2.2.6",
      "resolved": "https://registry.npmjs.org/classnames/-/classnames-2.2.6.tgz",
      "integrity": "sha512-JR/iSQOSt+LQIWwrwEzJ9uk0xfN3mTVYMwt1Ir5mUcSN6pU+V4zQFFaJsclJbPuAUQH+yfWef6tm7l1quW3C8Q=="
    },
    "rax-image": {
      "version": "2.2.1",
      "resolved": "https://registry.npmjs.org/rax-image/-/rax-image-2.2.1.tgz",
      "integrity": "sha512-zK15sgNhi+Zuv2f62RZqwh2VBcWBuWGtvu5w7wE29qItUAmxvdSI+PpOVUFQTgx1Y9cgHM5OlX3DBEpaAK627g==",
      "requires": {
        "universal-env": "^3.0.0"
      }
    },
    "rax-picture": {
      "version": "2.2.1",
      "resolved": "https://registry.npmjs.org/rax-picture/-/rax-picture-2.2.1.tgz",
      "integrity": "sha512-nzVsH/6cL3dT8OZoMDAxWwXKIa+JYvaUwWIPP2ZbM/vMQ/DO+3lUP2d/OK4Js5iGHgH5f0d+RcJATWPm/DebUg==",
      "requires": {
        "rax-image": "^1.1.3",
        "rax-view": "^1.1.0",
        "universal-device": "^2.1.1",
        "universal-env": "^3.0.0"
      },
      "dependencies": {
        "rax-image": {
          "version": "1.1.3",
          "resolved": "https://registry.npmjs.org/rax-image/-/rax-image-1.1.3.tgz",
          "integrity": "sha512-/ZOyxHaEAjdVxTy/xlmpKMOkcASwuZ2tlrE6YBmpefZ6ZzszPSKc7hisOf5DyCPybff9XRXDjpM9h+bW79L2aQ==",
          "requires": {
            "universal-env": "^1.0.0"
          },
          "dependencies": {
            "universal-env": {
              "version": "1.0.7",
              "resolved": "https://registry.npmjs.org/universal-env/-/universal-env-1.0.7.tgz",
              "integrity": "sha512-N7n9nZSpVSKwjPDO0QsN+3/5pPPum9u5i7Km3xxUi0ykA8UD9nKt8foMYdVFB8HIRXx/Sh7HVu3pC5CJX/t9Tw=="
            }
          }
        }
      }
    },
    "rax-view": {
      "version": "1.2.0",
      "resolved": "https://registry.npmjs.org/rax-view/-/rax-view-1.2.0.tgz",
      "integrity": "sha512-ZU6aOwqjGxWryzZMuy80cMwB/gR6LqxoXV7JHdVkdSsv61VZOh8IqEs77V/sRogEJ+Dn/wFcbeGLc3OD8ba0DA==",
      "requires": {
        "classnames": "^2.2.6",
        "universal-env": "^3.0.0"
      }
    },
    "universal-device": {
      "version": "2.3.0",
      "resolved": "https://registry.npmjs.org/universal-device/-/universal-device-2.3.0.tgz",
      "integrity": "sha512-DdTdIccZ2kOIyQgKiwViNW9gzPnYL6u4ytdU6cfeVtrFkISbAxJTrMCp20zt/A5ykRHukdV5TW6j77Kdyj6LNg==",
      "requires": {
        "universal-env": "^3.0.0"
      }
    },
    "universal-env": {
      "version": "3.2.0",
      "resolved": "https://registry.npmjs.org/universal-env/-/universal-env-3.2.0.tgz",
      "integrity": "sha512-cfi0FU/Yv1BFCu8ILUptaTM8pnevdH/rXQ8Z8+gMj4Ky7wNb8RVqjwx2TUjTbJ+Q7eh9Rfd9h7goKeohFV9ZZg=="
    }
  }
}
