{
  "requires": true,
  "lockfileVersion": 1,
  "dependencies": {
    "rax-image": {
      "version": "2.2.1",
      "resolved": "https://registry.npmjs.org/rax-image/-/rax-image-2.2.1.tgz",
      "integrity": "sha512-zK15sgNhi+Zuv2f62RZqwh2VBcWBuWGtvu5w7wE29qItUAmxvdSI+PpOVUFQTgx1Y9cgHM5OlX3DBEpaAK627g==",
      "requires": {
        "universal-env": "^3.0.0"
      }
    },
    "universal-env": {
      "version": "3.2.0",
      "resolved": "https://registry.npmjs.org/universal-env/-/universal-env-3.2.0.tgz",
      "integrity": "sha512-cfi0FU/Yv1BFCu8ILUptaTM8pnevdH/rXQ8Z8+gMj4Ky7wNb8RVqjwx2TUjTbJ+Q7eh9Rfd9h7goKeohFV9ZZg=="
    }
  }
}
